
Microsoft Visual Studio Solution File, Format Version 12.00
# Visual Studio Version 16
VisualStudioVersion = 16.0.35026.282
MinimumVisualStudioVersion = 10.0.40219.1
Project("{FAE04EC0-301F-11D3-BF4B-00C04F79EFBC}") = "TraversalCoreProject", "TraversalCoreProject\TraversalCoreProject.csproj", "{BDE44919-C9F9-43DE-B551-1A65B29D1539}"
EndProject
Project("{FAE04EC0-301F-11D3-BF4B-00C04F79EFBC}") = "EntityLayer", "EntityLayer\EntityLayer.csproj", "{DE598B87-FA8C-4D9C-A3F7-85BB9DBE2380}"
EndProject
Project("{FAE04EC0-301F-11D3-BF4B-00C04F79EFBC}") = "DataAccessLayer", "DataAccessLayer\DataAccessLayer.csproj", "{39EE6531-A9E7-45A1-8D45-B064550DF657}"
EndProject
Project("{FAE04EC0-301F-11D3-BF4B-00C04F79EFBC}") = "BusinessLayer", "BusinessLayer\BusinessLayer.csproj", "{0CF0A176-4BEA-486D-A71F-CA5F8BB7912B}"
EndProject
Global
	GlobalSection(SolutionConfigurationPlatforms) = preSolution
		Debug|Any CPU = Debug|Any CPU
		Release|Any CPU = Release|Any CPU
	EndGlobalSection
	GlobalSection(ProjectConfigurationPlatforms) = postSolution
		{BDE44919-C9F9-43DE-B551-1A65B29D1539}.Debug|Any CPU.ActiveCfg = Debug|Any CPU
		{BDE44919-C9F9-43DE-B551-1A65B29D1539}.Debug|Any CPU.Build.0 = Debug|Any CPU
		{BDE44919-C9F9-43DE-B551-1A65B29D1539}.Release|Any CPU.ActiveCfg = Release|Any CPU
		{BDE44919-C9F9-43DE-B551-1A65B29D1539}.Release|Any CPU.Build.0 = Release|Any CPU
		{DE598B87-FA8C-4D9C-A3F7-85BB9DBE2380}.Debug|Any CPU.ActiveCfg = Debug|Any CPU
		{DE598B87-FA8C-4D9C-A3F7-85BB9DBE2380}.Debug|Any CPU.Build.0 = Debug|Any CPU
		{DE598B87-FA8C-4D9C-A3F7-85BB9DBE2380}.Release|Any CPU.ActiveCfg = Release|Any CPU
		{DE598B87-FA8C-4D9C-A3F7-85BB9DBE2380}.Release|Any CPU.Build.0 = Release|Any CPU
		{39EE6531-A9E7-45A1-8D45-B064550DF657}.Debug|Any CPU.ActiveCfg = Debug|Any CPU
		{39EE6531-A9E7-45A1-8D45-B064550DF657}.Debug|Any CPU.Build.0 = Debug|Any CPU
		{39EE6531-A9E7-45A1-8D45-B064550DF657}.Release|Any CPU.ActiveCfg = Release|Any CPU
		{39EE6531-A9E7-45A1-8D45-B064550DF657}.Release|Any CPU.Build.0 = Release|Any CPU
		{0CF0A176-4BEA-486D-A71F-CA5F8BB7912B}.Debug|Any CPU.ActiveCfg = Debug|Any CPU
		{0CF0A176-4BEA-486D-A71F-CA5F8BB7912B}.Debug|Any CPU.Build.0 = Debug|Any CPU
		{0CF0A176-4BEA-486D-A71F-CA5F8BB7912B}.Release|Any CPU.ActiveCfg = Release|Any CPU
		{0CF0A176-4BEA-486D-A71F-CA5F8BB7912B}.Release|Any CPU.Build.0 = Release|Any CPU
	EndGlobalSection
	GlobalSection(SolutionProperties) = preSolution
		HideSolutionNode = FALSE
	EndGlobalSection
	GlobalSection(ExtensibilityGlobals) = postSolution
		SolutionGuid = {6FD45C9D-B5EB-490F-8FC5-EB458E669DAB}
	EndGlobalSection
EndGlobal
